
Microsoft Visual Studio Solution File, Format Version 12.00
# Visual Studio Version 16
VisualStudioVersion = 16.0.31624.102
MinimumVisualStudioVersion = 10.0.40219.1
Project("{FAE04EC0-301F-11D3-BF4B-00C04F79EFBC}") = "OOP_Lab_4_Korman_M_B_S2", "OOP_Lab_4_Korman_M_B_S2\OOP_Lab_4_Korman_M_B_S2.csproj", "{3C19F147-3099-4ED4-8BEC-D8D651FDC432}"
EndProject
Global
	GlobalSection(SolutionConfigurationPlatforms) = preSolution
		Debug|Any CPU = Debug|Any CPU
		Release|Any CPU = Release|Any CPU
	EndGlobalSection
	GlobalSection(ProjectConfigurationPlatforms) = postSolution
		{3C19F147-3099-4ED4-8BEC-D8D651FDC432}.Debug|Any CPU.ActiveCfg = Debug|Any CPU
		{3C19F147-3099-4ED4-8BEC-D8D651FDC432}.Debug|Any CPU.Build.0 = Debug|Any CPU
		{3C19F147-3099-4ED4-8BEC-D8D651FDC432}.Release|Any CPU.ActiveCfg = Release|Any CPU
		{3C19F147-3099-4ED4-8BEC-D8D651FDC432}.Release|Any CPU.Build.0 = Release|Any CPU
	EndGlobalSection
	GlobalSection(SolutionProperties) = preSolution
		HideSolutionNode = FALSE
	EndGlobalSection
	GlobalSection(ExtensibilityGlobals) = postSolution
		SolutionGuid = {8AE109D3-6BE6-4816-9F79-F0A3F6F13EBC}
	EndGlobalSection
EndGlobal
